
Microsoft Visual Studio Solution File, Format Version 12.00
# Visual Studio Version 16
VisualStudioVersion = 16.0.31019.35
MinimumVisualStudioVersion = 10.0.40219.1
Project("{FAE04EC0-301F-11D3-BF4B-00C04F79EFBC}") = "MVCSample1", "MVCSample1\MVCSample1.csproj", "{838B4B9E-903E-425C-94B7-4927661E7B0F}"
EndProject
Global
	GlobalSection(SolutionConfigurationPlatforms) = preSolution
		Debug|Any CPU = Debug|Any CPU
		Release|Any CPU = Release|Any CPU
	EndGlobalSection
	GlobalSection(ProjectConfigurationPlatforms) = postSolution
		{838B4B9E-903E-425C-94B7-4927661E7B0F}.Debug|Any CPU.ActiveCfg = Debug|Any CPU
		{838B4B9E-903E-425C-94B7-4927661E7B0F}.Debug|Any CPU.Build.0 = Debug|Any CPU
		{838B4B9E-903E-425C-94B7-4927661E7B0F}.Release|Any CPU.ActiveCfg = Release|Any CPU
		{838B4B9E-903E-425C-94B7-4927661E7B0F}.Release|Any CPU.Build.0 = Release|Any CPU
	EndGlobalSection
	GlobalSection(SolutionProperties) = preSolution
		HideSolutionNode = FALSE
	EndGlobalSection
	GlobalSection(ExtensibilityGlobals) = postSolution
		SolutionGuid = {0D0864DE-9DDD-4278-9F58-1B0832B9FE13}
	EndGlobalSection
EndGlobal
